<?xml version="1.0" encoding="UTF-8"?>
<Scheme LastUpgradeVersion="2620" version="1.3">
  <BuildAction parallelizeBuildables="YES" buildImplicitDependencies="YES">
    <BuildActionEntries>
      <BuildActionEntry buildForTesting="YES" buildForRunning="YES" buildForProfiling="YES" buildForArchiving="YES" buildForAnalyzing="YES"><BuildableReference BuildableIdentifier="primary" BlueprintIdentifier="E7248078306E2146008FCF77" BuildableName="QuietSpot.app" BlueprintName="QuietSpot" ReferencedContainer="container:QuietSpot.xcodeproj"/></BuildActionEntry>
      <BuildActionEntry buildForTesting="YES" buildForRunning="NO" buildForProfiling="NO" buildForArchiving="NO" buildForAnalyzing="NO"><BuildableReference BuildableIdentifier="primary" BlueprintIdentifier="B57E00010000000000000001" BuildableName="QuietSpotTests.xctest" BlueprintName="QuietSpotTests" ReferencedContainer="container:QuietSpot.xcodeproj"/></BuildActionEntry>
    </BuildActionEntries>
  </BuildAction>
  <TestAction buildConfiguration="Debug" selectedDebuggerIdentifier="Xcode.DebuggerFoundation.Debugger.LLDB" selectedLauncherIdentifier="Xcode.IDEFoundation.Launcher.LLDB" shouldUseLaunchSchemeArgsEnv="NO" codeCoverageEnabled="YES">
    <Testables><TestableReference skipped="NO"><BuildableReference BuildableIdentifier="primary" BlueprintIdentifier="B57E00010000000000000001" BuildableName="QuietSpotTests.xctest" BlueprintName="QuietSpotTests" ReferencedContainer="container:QuietSpot.xcodeproj"/></TestableReference></Testables>
    <EnvironmentVariables><EnvironmentVariable key="QUIETSPOT_UNIT_TESTS" value="1" isEnabled="YES"/></EnvironmentVariables>
  </TestAction>
  <LaunchAction buildConfiguration="Debug" selectedDebuggerIdentifier="Xcode.DebuggerFoundation.Debugger.LLDB" selectedLauncherIdentifier="Xcode.IDEFoundation.Launcher.LLDB" launchStyle="0" useCustomWorkingDirectory="NO" ignoresPersistentStateOnLaunch="NO" debugDocumentVersioning="YES" debugServiceExtension="internal" allowLocationSimulation="YES">
    <BuildableProductRunnable runnableDebuggingMode="0"><BuildableReference BuildableIdentifier="primary" BlueprintIdentifier="E7248078306E2146008FCF77" BuildableName="QuietSpot.app" BlueprintName="QuietSpot" ReferencedContainer="container:QuietSpot.xcodeproj"/></BuildableProductRunnable>
  </LaunchAction>
  <ProfileAction buildConfiguration="Release" shouldUseLaunchSchemeArgsEnv="YES" savedToolIdentifier="" useCustomWorkingDirectory="NO" debugDocumentVersioning="YES"><BuildableProductRunnable runnableDebuggingMode="0"><BuildableReference BuildableIdentifier="primary" BlueprintIdentifier="E7248078306E2146008FCF77" BuildableName="QuietSpot.app" BlueprintName="QuietSpot" ReferencedContainer="container:QuietSpot.xcodeproj"/></BuildableProductRunnable></ProfileAction>
  <AnalyzeAction buildConfiguration="Debug"/>
  <ArchiveAction buildConfiguration="Release" revealArchiveInOrganizer="YES"/>
</Scheme>
